
Microsoft Visual Studio Solution File, Format Version 12.00
# Visual Studio Version 17
VisualStudioVersion = 17.5.33530.505
MinimumVisualStudioVersion = 10.0.40219.1
Project("{FAE04EC0-301F-11D3-BF4B-00C04F79EFBC}") = "AspNetMvc.Web", "AspNetMvc.Web\AspNetMvc.Web.csproj", "{EFE2E2AA-7804-4FE3-9E4F-4D8F83049655}"
EndProject
Global
	GlobalSection(SolutionConfigurationPlatforms) = preSolution
		Debug|Any CPU = Debug|Any CPU
		Release|Any CPU = Release|Any CPU
	EndGlobalSection
	GlobalSection(ProjectConfigurationPlatforms) = postSolution
		{EFE2E2AA-7804-4FE3-9E4F-4D8F83049655}.Debug|Any CPU.ActiveCfg = Debug|Any CPU
		{EFE2E2AA-7804-4FE3-9E4F-4D8F83049655}.Debug|Any CPU.Build.0 = Debug|Any CPU
		{EFE2E2AA-7804-4FE3-9E4F-4D8F83049655}.Release|Any CPU.ActiveCfg = Release|Any CPU
		{EFE2E2AA-7804-4FE3-9E4F-4D8F83049655}.Release|Any CPU.Build.0 = Release|Any CPU
	EndGlobalSection
	GlobalSection(SolutionProperties) = preSolution
		HideSolutionNode = FALSE
	EndGlobalSection
	GlobalSection(ExtensibilityGlobals) = postSolution
		SolutionGuid = {90BA947D-3BA7-4497-9148-796DF738EB0A}
	EndGlobalSection
EndGlobal
